
Microsoft Visual Studio Solution File, Format Version 12.00
# Visual Studio Version 17
VisualStudioVersion = 17.14.37710.0
MinimumVisualStudioVersion = 10.0.40219.1
Project("{FAE04EC0-301F-11D3-BF4B-00C04F79EFBC}") = "StudentApiProjectWith3Teir", "StudentApiProjectWith3Teir.csproj", "{1238EE2A-7D76-496C-BAB4-0CFCCE8CAFBF}"
EndProject
Project("{FAE04EC0-301F-11D3-BF4B-00C04F79EFBC}") = "StudentApiBussinessLayer", "..\StudentApiBussinessLayer\StudentApiBussinessLayer.csproj", "{B5D54365-902D-44A1-B786-BD894E19D8C6}"
EndProject
Project("{FAE04EC0-301F-11D3-BF4B-00C04F79EFBC}") = "StudentApiDataAccessLayer", "..\StudentApiDataAccessLayer\StudentApiDataAccessLayer.csproj", "{C7B0F2A5-B9AE-4182-B50B-5C8E0B48B5DE}"
EndProject
Global
	GlobalSection(SolutionConfigurationPlatforms) = preSolution
		Debug|Any CPU = Debug|Any CPU
		Release|Any CPU = Release|Any CPU
	EndGlobalSection
	GlobalSection(ProjectConfigurationPlatforms) = postSolution
		{1238EE2A-7D76-496C-BAB4-0CFCCE8CAFBF}.Debug|Any CPU.ActiveCfg = Debug|Any CPU
		{1238EE2A-7D76-496C-BAB4-0CFCCE8CAFBF}.Debug|Any CPU.Build.0 = Debug|Any CPU
		{1238EE2A-7D76-496C-BAB4-0CFCCE8CAFBF}.Release|Any CPU.ActiveCfg = Release|Any CPU
		{1238EE2A-7D76-496C-BAB4-0CFCCE8CAFBF}.Release|Any CPU.Build.0 = Release|Any CPU
		{B5D54365-902D-44A1-B786-BD894E19D8C6}.Debug|Any CPU.ActiveCfg = Debug|Any CPU
		{B5D54365-902D-44A1-B786-BD894E19D8C6}.Debug|Any CPU.Build.0 = Debug|Any CPU
		{B5D54365-902D-44A1-B786-BD894E19D8C6}.Release|Any CPU.ActiveCfg = Release|Any CPU
		{B5D54365-902D-44A1-B786-BD894E19D8C6}.Release|Any CPU.Build.0 = Release|Any CPU
		{C7B0F2A5-B9AE-4182-B50B-5C8E0B48B5DE}.Debug|Any CPU.ActiveCfg = Debug|Any CPU
		{C7B0F2A5-B9AE-4182-B50B-5C8E0B48B5DE}.Debug|Any CPU.Build.0 = Debug|Any CPU
		{C7B0F2A5-B9AE-4182-B50B-5C8E0B48B5DE}.Release|Any CPU.ActiveCfg = Release|Any CPU
		{C7B0F2A5-B9AE-4182-B50B-5C8E0B48B5DE}.Release|Any CPU.Build.0 = Release|Any CPU
	EndGlobalSection
	GlobalSection(SolutionProperties) = preSolution
		HideSolutionNode = FALSE
	EndGlobalSection
	GlobalSection(ExtensibilityGlobals) = postSolution
		SolutionGuid = {45840AAC-C8CE-4007-975A-709EB42A9EDC}
	EndGlobalSection
EndGlobal
